{
    "name": "startbootstrap-sb-admin",
    "version": "1.0.0",
    "lockfileVersion": 1,
    "requires": true,
    "dependencies": {
        "bootstrap": {
            "version": "4.0.0",
            "resolved": "https://registry.npmjs.org/bootstrap/-/bootstrap-4.0.0.tgz",
            "integrity": "sha512-gulJE5dGFo6Q61V/whS6VM4WIyrlydXfCgkE+Gxe5hjrJ8rXLLZlALq7zq2RPhOc45PSwQpJkrTnc2KgD6cvmA=="
        },
        "chart.js": {
            "version": "2.7.1",
            "resolved": "https://registry.npmjs.org/chart.js/-/chart.js-2.7.1.tgz",
            "integrity": "sha512-pX1oQAY86MiuyZ2hY593Acbl4MLHKrBBhhmZ1YqSadzQbbsBE2rnd6WISoHjIsdf0WDeC0hbePYCz2ZxkV8L+g==",
            "requires": {
                "chartjs-color": "~2.2.0",
                "moment": "~2.18.0"
            }
        },
        "chartjs-color": {
            "version": "2.2.0",
            "resolved": "https://registry.npmjs.org/chartjs-color/-/chartjs-color-2.2.0.tgz",
            "integrity": "sha1-hKL7dVeH7YXDndbdjHsdiEKbrq4=",
            "requires": {
                "chartjs-color-string": "^0.5.0",
                "color-convert": "^0.5.3"
            }
        },
        "chartjs-color-string": {
            "version": "0.5.0",
            "resolved": "https://registry.npmjs.org/chartjs-color-string/-/chartjs-color-string-0.5.0.tgz",
            "integrity": "sha512-amWNvCOXlOUYxZVDSa0YOab5K/lmEhbFNKI55PWc4mlv28BDzA7zaoQTGxSBgJMHIW+hGX8YUrvw/FH4LyhwSQ==",
            "requires": {
                "color-name": "^1.0.0"
            }
        },
        "color-convert": {
            "version": "0.5.3",
            "resolved": "https://registry.npmjs.org/color-convert/-/color-convert-0.5.3.tgz",
            "integrity": "sha1-vbbGnOZg+t/+CwAHzER+G59ygr0="
        },
        "color-name": {
            "version": "1.1.4",
            "resolved": "https://registry.npmjs.org/color-name/-/color-name-1.1.4.tgz",
            "integrity": "sha512-dOy+3AuW3a2wNbZHIuMZpTcgjGuLU/uBL/ubcZF9OXbDo8ff4O8yVp5Bf0efS8uEoYo5q4Fx7dY9OgQGXgAsQA=="
        },
        "datatables.net": {
            "version": "1.10.16",
            "resolved": "https://registry.npmjs.org/datatables.net/-/datatables.net-1.10.16.tgz",
            "integrity": "sha1-SwUtEIKCQmG2ju2dInQbcR09JGk=",
            "requires": {
                "jquery": ">=1.7"
            }
        },
        "datatables.net-bs4": {
            "version": "1.10.16",
            "resolved": "https://registry.npmjs.org/datatables.net-bs4/-/datatables.net-bs4-1.10.16.tgz",
            "integrity": "sha1-nu5nz6hWW9OAemA6GIMF99DiDjI=",
            "requires": {
                "datatables.net": "1.10.16",
                "jquery": ">=1.7"
            }
        },
        "jquery": {
            "version": "3.4.0",
            "resolved": "https://registry.npmjs.org/jquery/-/jquery-3.4.0.tgz",
            "integrity": "sha512-ggRCXln9zEqv6OqAGXFEcshF5dSBvCkzj6Gm2gzuR5fWawaX8t7cxKVkkygKODrDAzKdoYw3l/e3pm3vlT4IbQ=="
        },
        "jquery.easing": {
            "version": "1.4.1",
            "resolved": "https://registry.npmjs.org/jquery.easing/-/jquery.easing-1.4.1.tgz",
            "integrity": "sha1-R5gsWDa9dY/UhJSSPEoQHvbpPjs="
        },
        "moment": {
            "version": "2.18.1",
            "resolved": "https://registry.npmjs.org/moment/-/moment-2.18.1.tgz",
            "integrity": "sha1-w2GT3Tzhwu7SrbfIAtu8d6gbHA8="
        }
    }
}
